// !$*UTF8*$!
{
	archiveVersion = 1;
	classes = {
	};
	objectVersion = 55;
	objects = {

/* Begin PBXBuildFile section */
		E49A929D2835EE86006BA8A3 /* AppDelegate.swift in Sources */ = {isa = PBXBuildFile; fileRef = E49A929C2835EE86006BA8A3 /* AppDelegate.swift */; };
		E49A929F2835EE86006BA8A3 /* SceneDelegate.swift in Sources */ = {isa = PBXBuildFile; fileRef = E49A929E2835EE86006BA8A3 /* SceneDelegate.swift */; };
		E49A92A12835EE86006BA8A3 /* ViewController.swift in Sources */ = {isa = PBXBuildFile; fileRef = E49A92A02835EE86006BA8A3 /* ViewController.swift */; };
		E49A92A42835EE86006BA8A3 /* Main.storyboard in Resources */ = {isa = PBXBuildFile; fileRef = E49A92A22835EE86006BA8A3 /* Main.storyboard */; };
		E49A92A62835EE87006BA8A3 /* Assets.xcassets in Resources */ = {isa = PBXBuildFile; fileRef = E49A92A52835EE87006BA8A3 /* Assets.xcassets */; };
		E49A92A92835EE87006BA8A3 /* LaunchScreen.storyboard in Resources */ = {isa = PBXBuildFile; fileRef = E49A92A72835EE87006BA8A3 /* LaunchScreen.storyboard */; };
		E49A92C92835F0FD006BA8A3 /* nigeria@2x.png in Resources */ = {isa = PBXBuildFile; fileRef = E49A92B12835F0FD006BA8A3 /* nigeria@2x.png */; };
		E49A92CA2835F0FD006BA8A3 /* estonia@3x.png in Resources */ = {isa = PBXBuildFile; fileRef = E49A92B22835F0FD006BA8A3 /* estonia@3x.png */; };
		E49A92CB2835F0FD006BA8A3 /* us@2x.png in Resources */ = {isa = PBXBuildFile; fileRef = E49A92B32835F0FD006BA8A3 /* us@2x.png */; };
		E49A92CC2835F0FD006BA8A3 /* france@3x.png in Resources */ = {isa = PBXBuildFile; fileRef = E49A92B42835F0FD006BA8A3 /* france@3x.png */; };
		E49A92CD2835F0FD006BA8A3 /* ireland@3x.png in Resources */ = {isa = PBXBuildFile; fileRef = E49A92B52835F0FD006BA8A3 /* ireland@3x.png */; };
		E49A92CE2835F0FD006BA8A3 /* italy@2x.png in Resources */ = {isa = PBXBuildFile; fileRef = E49A92B62835F0FD006BA8A3 /* italy@2x.png */; };
		E49A92CF2835F0FD006BA8A3 /* germany@2x.png in Resources */ = {isa = PBXBuildFile; fileRef = E49A92B72835F0FD006BA8A3 /* germany@2x.png */; };
		E49A92D02835F0FD006BA8A3 /* poland@3x.png in Resources */ = {isa = PBXBuildFile; fileRef = E49A92B82835F0FD006BA8A3 /* poland@3x.png */; };
		E49A92D12835F0FD006BA8A3 /* italy@3x.png in Resources */ = {isa = PBXBuildFile; fileRef = E49A92B92835F0FD006BA8A3 /* italy@3x.png */; };
		E49A92D22835F0FD006BA8A3 /* germany@3x.png in Resources */ = {isa = PBXBuildFile; fileRef = E49A92BA2835F0FD006BA8A3 /* germany@3x.png */; };
		E49A92D32835F0FD006BA8A3 /* monaco@3x.png in Resources */ = {isa = PBXBuildFile; fileRef = E49A92BB2835F0FD006BA8A3 /* monaco@3x.png */; };
		E49A92D42835F0FD006BA8A3 /* estonia@2x.png in Resources */ = {isa = PBXBuildFile; fileRef = E49A92BC2835F0FD006BA8A3 /* estonia@2x.png */; };
		E49A92D52835F0FD006BA8A3 /* poland@2x.png in Resources */ = {isa = PBXBuildFile; fileRef = E49A92BD2835F0FD006BA8A3 /* poland@2x.png */; };
		E49A92D62835F0FD006BA8A3 /* russia@2x.png in Resources */ = {isa = PBXBuildFile; fileRef = E49A92BE2835F0FD006BA8A3 /* russia@2x.png */; };
		E49A92D72835F0FD006BA8A3 /* russia@3x.png in Resources */ = {isa = PBXBuildFile; fileRef = E49A92BF2835F0FD006BA8A3 /* russia@3x.png */; };
		E49A92D82835F0FD006BA8A3 /* spain@2x.png in Resources */ = {isa = PBXBuildFile; fileRef = E49A92C02835F0FD006BA8A3 /* spain@2x.png */; };
		E49A92D92835F0FD006BA8A3 /* uk@2x.png in Resources */ = {isa = PBXBuildFile; fileRef = E49A92C12835F0FD006BA8A3 /* uk@2x.png */; };
		E49A92DA2835F0FD006BA8A3 /* france@2x.png in Resources */ = {isa = PBXBuildFile; fileRef = E49A92C22835F0FD006BA8A3 /* france@2x.png */; };
		E49A92DB2835F0FD006BA8A3 /* uk@3x.png in Resources */ = {isa = PBXBuildFile; fileRef = E49A92C32835F0FD006BA8A3 /* uk@3x.png */; };
		E49A92DC2835F0FD006BA8A3 /* spain@3x.png in Resources */ = {isa = PBXBuildFile; fileRef = E49A92C42835F0FD006BA8A3 /* spain@3x.png */; };
		E49A92DD2835F0FD006BA8A3 /* ireland@2x.png in Resources */ = {isa = PBXBuildFile; fileRef = E49A92C52835F0FD006BA8A3 /* ireland@2x.png */; };
		E49A92DE2835F0FD006BA8A3 /* monaco@2x.png in Resources */ = {isa = PBXBuildFile; fileRef = E49A92C62835F0FD006BA8A3 /* monaco@2x.png */; };
		E49A92DF2835F0FD006BA8A3 /* nigeria@3x.png in Resources */ = {isa = PBXBuildFile; fileRef = E49A92C72835F0FD006BA8A3 /* nigeria@3x.png */; };
		E49A92E02835F0FD006BA8A3 /* us@3x.png in Resources */ = {isa = PBXBuildFile; fileRef = E49A92C82835F0FD006BA8A3 /* us@3x.png */; };
		E49A92E42835F35B006BA8A3 /* DetailViewController.swift in Sources */ = {isa = PBXBuildFile; fileRef = E49A92E32835F35B006BA8A3 /* DetailViewController.swift */; };
/* End PBXBuildFile section */

/* Begin PBXFileReference section */
		E49A92992835EE86006BA8A3 /* Milestone1.app */ = {isa = PBXFileReference; explicitFileType = wrapper.application; includeInIndex = 0; path = Milestone1.app; sourceTree = BUILT_PRODUCTS_DIR; };
		E49A929C2835EE86006BA8A3 /* AppDelegate.swift */ = {isa = PBXFileReference; lastKnownFileType = sourcecode.swift; path = AppDelegate.swift; sourceTree = "<group>"; };
		E49A929E2835EE86006BA8A3 /* SceneDelegate.swift */ = {isa = PBXFileReference; lastKnownFileType = sourcecode.swift; path = SceneDelegate.swift; sourceTree = "<group>"; };
		E49A92A02835EE86006BA8A3 /* ViewController.swift */ = {isa = PBXFileReference; lastKnownFileType = sourcecode.swift; path = ViewController.swift; sourceTree = "<group>"; };
		E49A92A32835EE86006BA8A3 /* Base */ = {isa = PBXFileReference; lastKnownFileType = file.storyboard; name = Base; path = Base.lproj/Main.storyboard; sourceTree = "<group>"; };
		E49A92A52835EE87006BA8A3 /* Assets.xcassets */ = {isa = PBXFileReference; lastKnownFileType = folder.assetcatalog; path = Assets.xcassets; sourceTree = "<group>"; };
		E49A92A82835EE87006BA8A3 /* Base */ = {isa = PBXFileReference; lastKnownFileType = file.storyboard; name = Base; path = Base.lproj/LaunchScreen.storyboard; sourceTree = "<group>"; };
		E49A92AA2835EE87006BA8A3 /* Info.plist */ = {isa = PBXFileReference; lastKnownFileType = text.plist.xml; path = Info.plist; sourceTree = "<group>"; };
		E49A92B12835F0FD006BA8A3 /* nigeria@2x.png */ = {isa = PBXFileReference; lastKnownFileType = image.png; name = "nigeria@2x.png"; path = "Milestone1/Content/nigeria@2x.png"; sourceTree = SOURCE_ROOT; };
		E49A92B22835F0FD006BA8A3 /* estonia@3x.png */ = {isa = PBXFileReference; lastKnownFileType = image.png; name = "estonia@3x.png"; path = "Milestone1/Content/estonia@3x.png"; sourceTree = SOURCE_ROOT; };
		E49A92B32835F0FD006BA8A3 /* us@2x.png */ = {isa = PBXFileReference; lastKnownFileType = image.png; name = "us@2x.png"; path = "Milestone1/Content/us@2x.png"; sourceTree = SOURCE_ROOT; };
		E49A92B42835F0FD006BA8A3 /* france@3x.png */ = {isa = PBXFileReference; lastKnownFileType = image.png; name = "france@3x.png"; path = "Milestone1/Content/france@3x.png"; sourceTree = SOURCE_ROOT; };
		E49A92B52835F0FD006BA8A3 /* ireland@3x.png */ = {isa = PBXFileReference; lastKnownFileType = image.png; name = "ireland@3x.png"; path = "Milestone1/Content/ireland@3x.png"; sourceTree = SOURCE_ROOT; };
		E49A92B62835F0FD006BA8A3 /* italy@2x.png */ = {isa = PBXFileReference; lastKnownFileType = image.png; name = "italy@2x.png"; path = "Milestone1/Content/italy@2x.png"; sourceTree = SOURCE_ROOT; };
		E49A92B72835F0FD006BA8A3 /* germany@2x.png */ = {isa = PBXFileReference; lastKnownFileType = image.png; name = "germany@2x.png"; path = "Milestone1/Content/germany@2x.png"; sourceTree = SOURCE_ROOT; };
		E49A92B82835F0FD006BA8A3 /* poland@3x.png */ = {isa = PBXFileReference; lastKnownFileType = image.png; name = "poland@3x.png"; path = "Milestone1/Content/poland@3x.png"; sourceTree = SOURCE_ROOT; };
		E49A92B92835F0FD006BA8A3 /* italy@3x.png */ = {isa = PBXFileReference; lastKnownFileType = image.png; name = "italy@3x.png"; path = "Milestone1/Content/italy@3x.png"; sourceTree = SOURCE_ROOT; };
		E49A92BA2835F0FD006BA8A3 /* germany@3x.png */ = {isa = PBXFileReference; lastKnownFileType = image.png; name = "germany@3x.png"; path = "Milestone1/Content/germany@3x.png"; sourceTree = SOURCE_ROOT; };
		E49A92BB2835F0FD006BA8A3 /* monaco@3x.png */ = {isa = PBXFileReference; lastKnownFileType = image.png; name = "monaco@3x.png"; path = "Milestone1/Content/monaco@3x.png"; sourceTree = SOURCE_ROOT; };
		E49A92BC2835F0FD006BA8A3 /* estonia@2x.png */ = {isa = PBXFileReference; lastKnownFileType = image.png; name = "estonia@2x.png"; path = "Milestone1/Content/estonia@2x.png"; sourceTree = SOURCE_ROOT; };
		E49A92BD2835F0FD006BA8A3 /* poland@2x.png */ = {isa = PBXFileReference; lastKnownFileType = image.png; name = "poland@2x.png"; path = "Milestone1/Content/poland@2x.png"; sourceTree = SOURCE_ROOT; };
		E49A92BE2835F0FD006BA8A3 /* russia@2x.png */ = {isa = PBXFileReference; lastKnownFileType = image.png; name = "russia@2x.png"; path = "Milestone1/Content/russia@2x.png"; sourceTree = SOURCE_ROOT; };
		E49A92BF2835F0FD006BA8A3 /* russia@3x.png */ = {isa = PBXFileReference; lastKnownFileType = image.png; name = "russia@3x.png"; path = "Milestone1/Content/russia@3x.png"; sourceTree = SOURCE_ROOT; };
		E49A92C02835F0FD006BA8A3 /* spain@2x.png */ = {isa = PBXFileReference; lastKnownFileType = image.png; name = "spain@2x.png"; path = "Milestone1/Content/spain@2x.png"; sourceTree = SOURCE_ROOT; };
		E49A92C12835F0FD006BA8A3 /* uk@2x.png */ = {isa = PBXFileReference; lastKnownFileType = image.png; name = "uk@2x.png"; path = "Milestone1/Content/uk@2x.png"; sourceTree = SOURCE_ROOT; };
		E49A92C22835F0FD006BA8A3 /* france@2x.png */ = {isa = PBXFileReference; lastKnownFileType = image.png; name = "france@2x.png"; path = "Milestone1/Content/france@2x.png"; sourceTree = SOURCE_ROOT; };
		E49A92C32835F0FD006BA8A3 /* uk@3x.png */ = {isa = PBXFileReference; lastKnownFileType = image.png; name = "uk@3x.png"; path = "Milestone1/Content/uk@3x.png"; sourceTree = SOURCE_ROOT; };
		E49A92C42835F0FD006BA8A3 /* spain@3x.png */ = {isa = PBXFileReference; lastKnownFileType = image.png; name = "spain@3x.png"; path = "Milestone1/Content/spain@3x.png"; sourceTree = SOURCE_ROOT; };
		E49A92C52835F0FD006BA8A3 /* ireland@2x.png */ = {isa = PBXFileReference; lastKnownFileType = image.png; name = "ireland@2x.png"; path = "Milestone1/Content/ireland@2x.png"; sourceTree = SOURCE_ROOT; };
		E49A92C62835F0FD006BA8A3 /* monaco@2x.png */ = {isa = PBXFileReference; lastKnownFileType = image.png; name = "monaco@2x.png"; path = "Milestone1/Content/monaco@2x.png"; sourceTree = SOURCE_ROOT; };
		E49A92C72835F0FD006BA8A3 /* nigeria@3x.png */ = {isa = PBXFileReference; lastKnownFileType = image.png; name = "nigeria@3x.png"; path = "Milestone1/Content/nigeria@3x.png"; sourceTree = SOURCE_ROOT; };
		E49A92C82835F0FD006BA8A3 /* us@3x.png */ = {isa = PBXFileReference; lastKnownFileType = image.png; name = "us@3x.png"; path = "Milestone1/Content/us@3x.png"; sourceTree = SOURCE_ROOT; };
		E49A92E32835F35B006BA8A3 /* DetailViewController.swift */ = {isa = PBXFileReference; lastKnownFileType = sourcecode.swift; path = DetailViewController.swift; sourceTree = "<group>"; };
/* End PBXFileReference section */

/* Begin PBXFrameworksBuildPhase section */
		E49A92962835EE86006BA8A3 /* Frameworks */ = {
			isa = PBXFrameworksBuildPhase;
			buildActionMask = 2147483647;
			files = (
			);
			runOnlyForDeploymentPostprocessing = 0;
		};
/* End PBXFrameworksBuildPhase section */

/* Begin PBXGroup section */
		E49A92902835EE86006BA8A3 = {
			isa = PBXGroup;
			children = (
				E49A929B2835EE86006BA8A3 /* Milestone1 */,
				E49A929A2835EE86006BA8A3 /* Products */,
			);
			sourceTree = "<group>";
		};
		E49A929A2835EE86006BA8A3 /* Products */ = {
			isa = PBXGroup;
			children = (
				E49A92992835EE86006BA8A3 /* Milestone1.app */,
			);
			name = Products;
			sourceTree = "<group>";
		};
		E49A929B2835EE86006BA8A3 /* Milestone1 */ = {
			isa = PBXGroup;
			children = (
				E49A92E32835F35B006BA8A3 /* DetailViewController.swift */,
				E49A929C2835EE86006BA8A3 /* AppDelegate.swift */,
				E49A929E2835EE86006BA8A3 /* SceneDelegate.swift */,
				E49A92A02835EE86006BA8A3 /* ViewController.swift */,
				E49A92B02835F09D006BA8A3 /* Contents */,
				E49A92A22835EE86006BA8A3 /* Main.storyboard */,
				E49A92A52835EE87006BA8A3 /* Assets.xcassets */,
				E49A92A72835EE87006BA8A3 /* LaunchScreen.storyboard */,
				E49A92AA2835EE87006BA8A3 /* Info.plist */,
			);
			path = Milestone1;
			sourceTree = "<group>";
		};
		E49A92B02835F09D006BA8A3 /* Contents */ = {
			isa = PBXGroup;
			children = (
				E49A92BC2835F0FD006BA8A3 /* estonia@2x.png */,
				E49A92B22835F0FD006BA8A3 /* estonia@3x.png */,
				E49A92C22835F0FD006BA8A3 /* france@2x.png */,
				E49A92B42835F0FD006BA8A3 /* france@3x.png */,
				E49A92B72835F0FD006BA8A3 /* germany@2x.png */,
				E49A92BA2835F0FD006BA8A3 /* germany@3x.png */,
				E49A92C52835F0FD006BA8A3 /* ireland@2x.png */,
				E49A92B52835F0FD006BA8A3 /* ireland@3x.png */,
				E49A92B62835F0FD006BA8A3 /* italy@2x.png */,
				E49A92B92835F0FD006BA8A3 /* italy@3x.png */,
				E49A92C62835F0FD006BA8A3 /* monaco@2x.png */,
				E49A92BB2835F0FD006BA8A3 /* monaco@3x.png */,
				E49A92B12835F0FD006BA8A3 /* nigeria@2x.png */,
				E49A92C72835F0FD006BA8A3 /* nigeria@3x.png */,
				E49A92BD2835F0FD006BA8A3 /* poland@2x.png */,
				E49A92B82835F0FD006BA8A3 /* poland@3x.png */,
				E49A92BE2835F0FD006BA8A3 /* russia@2x.png */,
				E49A92BF2835F0FD006BA8A3 /* russia@3x.png */,
				E49A92C02835F0FD006BA8A3 /* spain@2x.png */,
				E49A92C42835F0FD006BA8A3 /* spain@3x.png */,
				E49A92C12835F0FD006BA8A3 /* uk@2x.png */,
				E49A92C32835F0FD006BA8A3 /* uk@3x.png */,
				E49A92B32835F0FD006BA8A3 /* us@2x.png */,
				E49A92C82835F0FD006BA8A3 /* us@3x.png */,
			);
			path = Contents;
			sourceTree = "<group>";
		};
/* End PBXGroup section */

/* Begin PBXNativeTarget section */
		E49A92982835EE86006BA8A3 /* Milestone1 */ = {
			isa = PBXNativeTarget;
			buildConfigurationList = E49A92AD2835EE87006BA8A3 /* Build configuration list for PBXNativeTarget "Milestone1" */;
			buildPhases = (
				E49A92952835EE86006BA8A3 /* Sources */,
				E49A92962835EE86006BA8A3 /* Frameworks */,
				E49A92972835EE86006BA8A3 /* Resources */,
			);
			buildRules = (
			);
			dependencies = (
			);
			name = Milestone1;
			productName = Milestone1;
			productReference = E49A92992835EE86006BA8A3 /* Milestone1.app */;
			productType = "com.apple.product-type.application";
		};
/* End PBXNativeTarget section */

/* Begin PBXProject section */
		E49A92912835EE86006BA8A3 /* Project object */ = {
			isa = PBXProject;
			attributes = {
				BuildIndependentTargetsInParallel = 1;
				LastSwiftUpdateCheck = 1340;
				LastUpgradeCheck = 1340;
				TargetAttributes = {
					E49A92982835EE86006BA8A3 = {
						CreatedOnToolsVersion = 13.4;
					};
				};
			};
			buildConfigurationList = E49A92942835EE86006BA8A3 /* Build configuration list for PBXProject "Milestone1" */;
			compatibilityVersion = "Xcode 13.0";
			developmentRegion = en;
			hasScannedForEncodings = 0;
			knownRegions = (
				en,
				Base,
			);
			mainGroup = E49A92902835EE86006BA8A3;
			productRefGroup = E49A929A2835EE86006BA8A3 /* Products */;
			projectDirPath = "";
			projectRoot = "";
			targets = (
				E49A92982835EE86006BA8A3 /* Milestone1 */,
			);
		};
/* End PBXProject section */

/* Begin PBXResourcesBuildPhase section */
		E49A92972835EE86006BA8A3 /* Resources */ = {
			isa = PBXResourcesBuildPhase;
			buildActionMask = 2147483647;
			files = (
				E49A92CB2835F0FD006BA8A3 /* us@2x.png in Resources */,
				E49A92D62835F0FD006BA8A3 /* russia@2x.png in Resources */,
				E49A92CA2835F0FD006BA8A3 /* estonia@3x.png in Resources */,
				E49A92A92835EE87006BA8A3 /* LaunchScreen.storyboard in Resources */,
				E49A92CE2835F0FD006BA8A3 /* italy@2x.png in Resources */,
				E49A92CD2835F0FD006BA8A3 /* ireland@3x.png in Resources */,
				E49A92A62835EE87006BA8A3 /* Assets.xcassets in Resources */,
				E49A92C92835F0FD006BA8A3 /* nigeria@2x.png in Resources */,
				E49A92D02835F0FD006BA8A3 /* poland@3x.png in Resources */,
				E49A92D52835F0FD006BA8A3 /* poland@2x.png in Resources */,
				E49A92DD2835F0FD006BA8A3 /* ireland@2x.png in Resources */,
				E49A92DF2835F0FD006BA8A3 /* nigeria@3x.png in Resources */,
				E49A92D32835F0FD006BA8A3 /* monaco@3x.png in Resources */,
				E49A92DC2835F0FD006BA8A3 /* spain@3x.png in Resources */,
				E49A92CC2835F0FD006BA8A3 /* france@3x.png in Resources */,
				E49A92D42835F0FD006BA8A3 /* estonia@2x.png in Resources */,
				E49A92D22835F0FD006BA8A3 /* germany@3x.png in Resources */,
				E49A92DA2835F0FD006BA8A3 /* france@2x.png in Resources */,
				E49A92D12835F0FD006BA8A3 /* italy@3x.png in Resources */,
				E49A92DE2835F0FD006BA8A3 /* monaco@2x.png in Resources */,
				E49A92CF2835F0FD006BA8A3 /* germany@2x.png in Resources */,
				E49A92D72835F0FD006BA8A3 /* russia@3x.png in Resources */,
				E49A92A42835EE86006BA8A3 /* Main.storyboard in Resources */,
				E49A92DB2835F0FD006BA8A3 /* uk@3x.png in Resources */,
				E49A92E02835F0FD006BA8A3 /* us@3x.png in Resources */,
				E49A92D92835F0FD006BA8A3 /* uk@2x.png in Resources */,
				E49A92D82835F0FD006BA8A3 /* spain@2x.png in Resources */,
			);
			runOnlyForDeploymentPostprocessing = 0;
		};
/* End PBXResourcesBuildPhase section */

/* Begin PBXSourcesBuildPhase section */
		E49A92952835EE86006BA8A3 /* Sources */ = {
			isa = PBXSourcesBuildPhase;
			buildActionMask = 2147483647;
			files = (
				E49A92A12835EE86006BA8A3 /* ViewController.swift in Sources */,
				E49A929D2835EE86006BA8A3 /* AppDelegate.swift in Sources */,
				E49A929F2835EE86006BA8A3 /* SceneDelegate.swift in Sources */,
				E49A92E42835F35B006BA8A3 /* DetailViewController.swift in Sources */,
			);
			runOnlyForDeploymentPostprocessing = 0;
		};
/* End PBXSourcesBuildPhase section */

/* Begin PBXVariantGroup section */
		E49A92A22835EE86006BA8A3 /* Main.storyboard */ = {
			isa = PBXVariantGroup;
			children = (
				E49A92A32835EE86006BA8A3 /* Base */,
			);
			name = Main.storyboard;
			sourceTree = "<group>";
		};
		E49A92A72835EE87006BA8A3 /* LaunchScreen.storyboard */ = {
			isa = PBXVariantGroup;
			children = (
				E49A92A82835EE87006BA8A3 /* Base */,
			);
			name = LaunchScreen.storyboard;
			sourceTree = "<group>";
		};
/* End PBXVariantGroup section */

/* Begin XCBuildConfiguration section */
		E49A92AB2835EE87006BA8A3 /* Debug */ = {
			isa = XCBuildConfiguration;
			buildSettings = {
				ALWAYS_SEARCH_USER_PATHS = NO;
				CLANG_ANALYZER_NONNULL = YES;
				CLANG_ANALYZER_NUMBER_OBJECT_CONVERSION = YES_AGGRESSIVE;
				CLANG_CXX_LANGUAGE_STANDARD = "gnu++17";
				CLANG_ENABLE_MODULES = YES;
				CLANG_ENABLE_OBJC_ARC = YES;
				CLANG_ENABLE_OBJC_WEAK = YES;
				CLANG_WARN_BLOCK_CAPTURE_AUTORELEASING = YES;
				CLANG_WARN_BOOL_CONVERSION = YES;
				CLANG_WARN_COMMA = YES;
				CLANG_WARN_CONSTANT_CONVERSION = YES;
				CLANG_WARN_DEPRECATED_OBJC_IMPLEMENTATIONS = YES;
				CLANG_WARN_DIRECT_OBJC_ISA_USAGE = YES_ERROR;
				CLANG_WARN_DOCUMENTATION_COMMENTS = YES;
				CLANG_WARN_EMPTY_BODY = YES;
				CLANG_WARN_ENUM_CONVERSION = YES;
				CLANG_WARN_INFINITE_RECURSION = YES;
				CLANG_WARN_INT_CONVERSION = YES;
				CLANG_WARN_NON_LITERAL_NULL_CONVERSION = YES;
				CLANG_WARN_OBJC_IMPLICIT_RETAIN_SELF = YES;
				CLANG_WARN_OBJC_LITERAL_CONVERSION = YES;
				CLANG_WARN_OBJC_ROOT_CLASS = YES_ERROR;
				CLANG_WARN_QUOTED_INCLUDE_IN_FRAMEWORK_HEADER = YES;
				CLANG_WARN_RANGE_LOOP_ANALYSIS = YES;
				CLANG_WARN_STRICT_PROTOTYPES = YES;
				CLANG_WARN_SUSPICIOUS_MOVE = YES;
				CLANG_WARN_UNGUARDED_AVAILABILITY = YES_AGGRESSIVE;
				CLANG_WARN_UNREACHABLE_CODE = YES;
				CLANG_WARN__DUPLICATE_METHOD_MATCH = YES;
				COPY_PHASE_STRIP = NO;
				DEBUG_INFORMATION_FORMAT = dwarf;
				ENABLE_STRICT_OBJC_MSGSEND = YES;
				ENABLE_TESTABILITY = YES;
				GCC_C_LANGUAGE_STANDARD = gnu11;
				GCC_DYNAMIC_NO_PIC = NO;
				GCC_NO_COMMON_BLOCKS = YES;
				GCC_OPTIMIZATION_LEVEL = 0;
				GCC_PREPROCESSOR_DEFINITIONS = (
					"DEBUG=1",
					"$(inherited)",
				);
				GCC_WARN_64_TO_32_BIT_CONVERSION = YES;
				GCC_WARN_ABOUT_RETURN_TYPE = YES_ERROR;
				GCC_WARN_UNDECLARED_SELECTOR = YES;
				GCC_WARN_UNINITIALIZED_AUTOS = YES_AGGRESSIVE;
				GCC_WARN_UNUSED_FUNCTION = YES;
				GCC_WARN_UNUSED_VARIABLE = YES;
				IPHONEOS_DEPLOYMENT_TARGET = 15.5;
				MTL_ENABLE_DEBUG_INFO = INCLUDE_SOURCE;
				MTL_FAST_MATH = YES;
				ONLY_ACTIVE_ARCH = YES;
				SDKROOT = iphoneos;
				SWIFT_ACTIVE_COMPILATION_CONDITIONS = DEBUG;
				SWIFT_OPTIMIZATION_LEVEL = "-Onone";
			};
			name = Debug;
		};
		E49A92AC2835EE87006BA8A3 /* Release */ = {
			isa = XCBuildConfiguration;
			buildSettings = {
				ALWAYS_SEARCH_USER_PATHS = NO;
				CLANG_ANALYZER_NONNULL = YES;
				CLANG_ANALYZER_NUMBER_OBJECT_CONVERSION = YES_AGGRESSIVE;
				CLANG_CXX_LANGUAGE_STANDARD = "gnu++17";
				CLANG_ENABLE_MODULES = YES;
				CLANG_ENABLE_OBJC_ARC = YES;
				CLANG_ENABLE_OBJC_WEAK = YES;
				CLANG_WARN_BLOCK_CAPTURE_AUTORELEASING = YES;
				CLANG_WARN_BOOL_CONVERSION = YES;
				CLANG_WARN_COMMA = YES;
				CLANG_WARN_CONSTANT_CONVERSION = YES;
				CLANG_WARN_DEPRECATED_OBJC_IMPLEMENTATIONS = YES;
				CLANG_WARN_DIRECT_OBJC_ISA_USAGE = YES_ERROR;
				CLANG_WARN_DOCUMENTATION_COMMENTS = YES;
				CLANG_WARN_EMPTY_BODY = YES;
				CLANG_WARN_ENUM_CONVERSION = YES;
				CLANG_WARN_INFINITE_RECURSION = YES;
				CLANG_WARN_INT_CONVERSION = YES;
				CLANG_WARN_NON_LITERAL_NULL_CONVERSION = YES;
				CLANG_WARN_OBJC_IMPLICIT_RETAIN_SELF = YES;
				CLANG_WARN_OBJC_LITERAL_CONVERSION = YES;
				CLANG_WARN_OBJC_ROOT_CLASS = YES_ERROR;
				CLANG_WARN_QUOTED_INCLUDE_IN_FRAMEWORK_HEADER = YES;
				CLANG_WARN_RANGE_LOOP_ANALYSIS = YES;
				CLANG_WARN_STRICT_PROTOTYPES = YES;
				CLANG_WARN_SUSPICIOUS_MOVE = YES;
				CLANG_WARN_UNGUARDED_AVAILABILITY = YES_AGGRESSIVE;
				CLANG_WARN_UNREACHABLE_CODE = YES;
				CLANG_WARN__DUPLICATE_METHOD_MATCH = YES;
				COPY_PHASE_STRIP = NO;
				DEBUG_INFORMATION_FORMAT = "dwarf-with-dsym";
				ENABLE_NS_ASSERTIONS = NO;
				ENABLE_STRICT_OBJC_MSGSEND = YES;
				GCC_C_LANGUAGE_STANDARD = gnu11;
				GCC_NO_COMMON_BLOCKS = YES;
				GCC_WARN_64_TO_32_BIT_CONVERSION = YES;
				GCC_WARN_ABOUT_RETURN_TYPE = YES_ERROR;
				GCC_WARN_UNDECLARED_SELECTOR = YES;
				GCC_WARN_UNINITIALIZED_AUTOS = YES_AGGRESSIVE;
				GCC_WARN_UNUSED_FUNCTION = YES;
				GCC_WARN_UNUSED_VARIABLE = YES;
				IPHONEOS_DEPLOYMENT_TARGET = 15.5;
				MTL_ENABLE_DEBUG_INFO = NO;
				MTL_FAST_MATH = YES;
				SDKROOT = iphoneos;
				SWIFT_COMPILATION_MODE = wholemodule;
				SWIFT_OPTIMIZATION_LEVEL = "-O";
				VALIDATE_PRODUCT = YES;
			};
			name = Release;
		};
		E49A92AE2835EE87006BA8A3 /* Debug */ = {
			isa = XCBuildConfiguration;
			buildSettings = {
				ASSETCATALOG_COMPILER_APPICON_NAME = AppIcon;
				ASSETCATALOG_COMPILER_GLOBAL_ACCENT_COLOR_NAME = AccentColor;
				CODE_SIGN_STYLE = Automatic;
				CURRENT_PROJECT_VERSION = 1;
				DEVELOPMENT_TEAM = 75TGX825D6;
				GENERATE_INFOPLIST_FILE = YES;
				INFOPLIST_FILE = Milestone1/Info.plist;
				INFOPLIST_KEY_UIApplicationSupportsIndirectInputEvents = YES;
				INFOPLIST_KEY_UILaunchStoryboardName = LaunchScreen;
				INFOPLIST_KEY_UIMainStoryboardFile = Main;
				INFOPLIST_KEY_UISupportedInterfaceOrientations_iPad = "UIInterfaceOrientationPortrait UIInterfaceOrientationPortraitUpsideDown UIInterfaceOrientationLandscapeLeft UIInterfaceOrientationLandscapeRight";
				INFOPLIST_KEY_UISupportedInterfaceOrientations_iPhone = "UIInterfaceOrientationPortrait UIInterfaceOrientationLandscapeLeft UIInterfaceOrientationLandscapeRight";
				LD_RUNPATH_SEARCH_PATHS = (
					"$(inherited)",
					"@executable_path/Frameworks",
				);
				MARKETING_VERSION = 1.0;
				PRODUCT_BUNDLE_IDENTIFIER = com.johnmdoll.Milestone1;
				PRODUCT_NAME = "$(TARGET_NAME)";
				SWIFT_EMIT_LOC_STRINGS = YES;
				SWIFT_VERSION = 5.0;
				TARGETED_DEVICE_FAMILY = "1,2";
			};
			name = Debug;
		};
		E49A92AF2835EE87006BA8A3 /* Release */ = {
			isa = XCBuildConfiguration;
			buildSettings = {
				ASSETCATALOG_COMPILER_APPICON_NAME = AppIcon;
				ASSETCATALOG_COMPILER_GLOBAL_ACCENT_COLOR_NAME = AccentColor;
				CODE_SIGN_STYLE = Automatic;
				CURRENT_PROJECT_VERSION = 1;
				DEVELOPMENT_TEAM = 75TGX825D6;
				GENERATE_INFOPLIST_FILE = YES;
				INFOPLIST_FILE = Milestone1/Info.plist;
				INFOPLIST_KEY_UIApplicationSupportsIndirectInputEvents = YES;
				INFOPLIST_KEY_UILaunchStoryboardName = LaunchScreen;
				INFOPLIST_KEY_UIMainStoryboardFile = Main;
				INFOPLIST_KEY_UISupportedInterfaceOrientations_iPad = "UIInterfaceOrientationPortrait UIInterfaceOrientationPortraitUpsideDown UIInterfaceOrientationLandscapeLeft UIInterfaceOrientationLandscapeRight";
				INFOPLIST_KEY_UISupportedInterfaceOrientations_iPhone = "UIInterfaceOrientationPortrait UIInterfaceOrientationLandscapeLeft UIInterfaceOrientationLandscapeRight";
				LD_RUNPATH_SEARCH_PATHS = (
					"$(inherited)",
					"@executable_path/Frameworks",
				);
				MARKETING_VERSION = 1.0;
				PRODUCT_BUNDLE_IDENTIFIER = com.johnmdoll.Milestone1;
				PRODUCT_NAME = "$(TARGET_NAME)";
				SWIFT_EMIT_LOC_STRINGS = YES;
				SWIFT_VERSION = 5.0;
				TARGETED_DEVICE_FAMILY = "1,2";
			};
			name = Release;
		};
/* End XCBuildConfiguration section */

/* Begin XCConfigurationList section */
		E49A92942835EE86006BA8A3 /* Build configuration list for PBXProject "Milestone1" */ = {
			isa = XCConfigurationList;
			buildConfigurations = (
				E49A92AB2835EE87006BA8A3 /* Debug */,
				E49A92AC2835EE87006BA8A3 /* Release */,
			);
			defaultConfigurationIsVisible = 0;
			defaultConfigurationName = Release;
		};
		E49A92AD2835EE87006BA8A3 /* Build configuration list for PBXNativeTarget "Milestone1" */ = {
			isa = XCConfigurationList;
			buildConfigurations = (
				E49A92AE2835EE87006BA8A3 /* Debug */,
				E49A92AF2835EE87006BA8A3 /* Release */,
			);
			defaultConfigurationIsVisible = 0;
			defaultConfigurationName = Release;
		};
/* End XCConfigurationList section */
	};
	rootObject = E49A92912835EE86006BA8A3 /* Project object */;
}
